{
  "name": "Claire",
  "lockfileVersion": 2,
  "requires": true,
  "packages": {
    "": {
      "dependencies": {
        "algolia": "^0.0.0"
      }
    },
    "node_modules/algolia": {
      "version": "0.0.0",
      "resolved": "https://registry.npmjs.org/algolia/-/algolia-0.0.0.tgz",
      "integrity": "sha1-gqR5JkAjkmvOJJ0l8lY92fr42I4=",
      "deprecated": "use algoliasearch"
    }
  },
  "dependencies": {
    "algolia": {
      "version": "0.0.0",
      "resolved": "https://registry.npmjs.org/algolia/-/algolia-0.0.0.tgz",
      "integrity": "sha1-gqR5JkAjkmvOJJ0l8lY92fr42I4="
    }
  }
}
